
Microsoft Visual Studio Solution File, Format Version 12.00
# Visual Studio 14
VisualStudioVersion = 14.0.24720.0
MinimumVisualStudioVersion = 10.0.40219.1
Project("{FAE04EC0-301F-11D3-BF4B-00C04F79EFBC}") = "skazati", "..\..\..\..\..\Alpha\new projects\TaskSolution\skazati\skazati.csproj", "{29EC1966-6DDE-4CEF-B4FC-B660540FD25B}"
EndProject
Project("{FAE04EC0-301F-11D3-BF4B-00C04F79EFBC}") = "Db_Layer", "Db_Layer\Db_Layer.csproj", "{B765BD22-EC1D-40D8-AF69-141667B03A12}"
EndProject
Project("{FAE04EC0-301F-11D3-BF4B-00C04F79EFBC}") = "Object_Library", "Object_Library\Object_Library.csproj", "{4FDF5705-E954-42E0-ACFF-1DF6CFFD009E}"
EndProject
Global
	GlobalSection(SolutionConfigurationPlatforms) = preSolution
		Debug|Any CPU = Debug|Any CPU
		Release|Any CPU = Release|Any CPU
	EndGlobalSection
	GlobalSection(ProjectConfigurationPlatforms) = postSolution
		{29EC1966-6DDE-4CEF-B4FC-B660540FD25B}.Debug|Any CPU.ActiveCfg = Debug|Any CPU
		{29EC1966-6DDE-4CEF-B4FC-B660540FD25B}.Debug|Any CPU.Build.0 = Debug|Any CPU
		{29EC1966-6DDE-4CEF-B4FC-B660540FD25B}.Release|Any CPU.ActiveCfg = Release|Any CPU
		{29EC1966-6DDE-4CEF-B4FC-B660540FD25B}.Release|Any CPU.Build.0 = Release|Any CPU
		{B765BD22-EC1D-40D8-AF69-141667B03A12}.Debug|Any CPU.ActiveCfg = Debug|Any CPU
		{B765BD22-EC1D-40D8-AF69-141667B03A12}.Debug|Any CPU.Build.0 = Debug|Any CPU
		{B765BD22-EC1D-40D8-AF69-141667B03A12}.Release|Any CPU.ActiveCfg = Release|Any CPU
		{B765BD22-EC1D-40D8-AF69-141667B03A12}.Release|Any CPU.Build.0 = Release|Any CPU
		{4FDF5705-E954-42E0-ACFF-1DF6CFFD009E}.Debug|Any CPU.ActiveCfg = Debug|Any CPU
		{4FDF5705-E954-42E0-ACFF-1DF6CFFD009E}.Debug|Any CPU.Build.0 = Debug|Any CPU
		{4FDF5705-E954-42E0-ACFF-1DF6CFFD009E}.Release|Any CPU.ActiveCfg = Release|Any CPU
		{4FDF5705-E954-42E0-ACFF-1DF6CFFD009E}.Release|Any CPU.Build.0 = Release|Any CPU
	EndGlobalSection
	GlobalSection(SolutionProperties) = preSolution
		HideSolutionNode = FALSE
	EndGlobalSection
EndGlobal
